
Microsoft Visual Studio Solution File, Format Version 12.00
# Visual Studio 15
VisualStudioVersion = 15.0.28010.2026
MinimumVisualStudioVersion = 10.0.40219.1
Project("{9A19103F-16F7-4668-BE54-9A1E7A4F7556}") = "Web", "Web\Web.csproj", "{C7CB0743-134C-4D6D-979E-A15DC41B9992}"
EndProject
Project("{9A19103F-16F7-4668-BE54-9A1E7A4F7556}") = "Data", "Data\Data.csproj", "{C9106A67-87F8-4892-86DF-67244B20F104}"
EndProject
Project("{9A19103F-16F7-4668-BE54-9A1E7A4F7556}") = "Domain", "Domain\Domain.csproj", "{05E72790-CB68-42B8-A5FD-F3B2158EC83F}"
EndProject
Project("{9A19103F-16F7-4668-BE54-9A1E7A4F7556}") = "Web.UnitTests", "Web.UnitTests\Web.UnitTests.csproj", "{6F599882-2DF9-4D6B-B3D8-17C8FB3B5113}"
EndProject
Project("{FAE04EC0-301F-11D3-BF4B-00C04F79EFBC}") = "Web.AcceptanceTests", "Web.AcceptanceTests\Web.AcceptanceTests.csproj", "{E563F1FD-21F3-4E44-8433-DB615AD3C5A5}"
EndProject
Project("{2150E333-8FDC-42A3-9474-1A3956D46DE8}") = "Tests", "Tests", "{5DD5C53F-D841-4068-8F0A-DD1F7AD57BE5}"
EndProject
Project("{2150E333-8FDC-42A3-9474-1A3956D46DE8}") = "Solution Items", "Solution Items", "{35C2A2F2-59E0-497C-82D3-9D5B642BB387}"
	ProjectSection(SolutionItems) = preProject
		build.cake = build.cake
		build.ps1 = build.ps1
	EndProjectSection
EndProject
Global
	GlobalSection(SolutionConfigurationPlatforms) = preSolution
		Debug|Any CPU = Debug|Any CPU
		Release|Any CPU = Release|Any CPU
	EndGlobalSection
	GlobalSection(ProjectConfigurationPlatforms) = postSolution
		{C7CB0743-134C-4D6D-979E-A15DC41B9992}.Debug|Any CPU.ActiveCfg = Debug|Any CPU
		{C7CB0743-134C-4D6D-979E-A15DC41B9992}.Debug|Any CPU.Build.0 = Debug|Any CPU
		{C7CB0743-134C-4D6D-979E-A15DC41B9992}.Release|Any CPU.ActiveCfg = Release|Any CPU
		{C7CB0743-134C-4D6D-979E-A15DC41B9992}.Release|Any CPU.Build.0 = Release|Any CPU
		{C9106A67-87F8-4892-86DF-67244B20F104}.Debug|Any CPU.ActiveCfg = Debug|Any CPU
		{C9106A67-87F8-4892-86DF-67244B20F104}.Debug|Any CPU.Build.0 = Debug|Any CPU
		{C9106A67-87F8-4892-86DF-67244B20F104}.Release|Any CPU.ActiveCfg = Release|Any CPU
		{C9106A67-87F8-4892-86DF-67244B20F104}.Release|Any CPU.Build.0 = Release|Any CPU
		{05E72790-CB68-42B8-A5FD-F3B2158EC83F}.Debug|Any CPU.ActiveCfg = Debug|Any CPU
		{05E72790-CB68-42B8-A5FD-F3B2158EC83F}.Debug|Any CPU.Build.0 = Debug|Any CPU
		{05E72790-CB68-42B8-A5FD-F3B2158EC83F}.Release|Any CPU.ActiveCfg = Release|Any CPU
		{05E72790-CB68-42B8-A5FD-F3B2158EC83F}.Release|Any CPU.Build.0 = Release|Any CPU
		{6F599882-2DF9-4D6B-B3D8-17C8FB3B5113}.Debug|Any CPU.ActiveCfg = Debug|Any CPU
		{6F599882-2DF9-4D6B-B3D8-17C8FB3B5113}.Debug|Any CPU.Build.0 = Debug|Any CPU
		{6F599882-2DF9-4D6B-B3D8-17C8FB3B5113}.Release|Any CPU.ActiveCfg = Release|Any CPU
		{6F599882-2DF9-4D6B-B3D8-17C8FB3B5113}.Release|Any CPU.Build.0 = Release|Any CPU
		{E563F1FD-21F3-4E44-8433-DB615AD3C5A5}.Debug|Any CPU.ActiveCfg = Debug|Any CPU
		{E563F1FD-21F3-4E44-8433-DB615AD3C5A5}.Debug|Any CPU.Build.0 = Debug|Any CPU
		{E563F1FD-21F3-4E44-8433-DB615AD3C5A5}.Release|Any CPU.ActiveCfg = Release|Any CPU
		{E563F1FD-21F3-4E44-8433-DB615AD3C5A5}.Release|Any CPU.Build.0 = Release|Any CPU
	EndGlobalSection
	GlobalSection(SolutionProperties) = preSolution
		HideSolutionNode = FALSE
	EndGlobalSection
	GlobalSection(NestedProjects) = preSolution
		{6F599882-2DF9-4D6B-B3D8-17C8FB3B5113} = {5DD5C53F-D841-4068-8F0A-DD1F7AD57BE5}
		{E563F1FD-21F3-4E44-8433-DB615AD3C5A5} = {5DD5C53F-D841-4068-8F0A-DD1F7AD57BE5}
	EndGlobalSection
	GlobalSection(ExtensibilityGlobals) = postSolution
		SolutionGuid = {3A6317A3-6203-4200-B43B-1148C2168DE2}
	EndGlobalSection
EndGlobal
